# Locked musllinux x86_64 wheels for Python 3.12 Alpine; fail closed on changed artifacts.
bcrypt==5.0.0 --hash=sha256:61afc381250c3182d9078551e3ac3a41da14154fbff647ddf52a769f588c4172
cffi==2.1.1 --hash=sha256:210019b6c7cf07f081b4c54635c8cf744377001350e29cc0f81c4377b4797735
cryptography==50.0.1 --hash=sha256:9ebcdd5519be9b652a46f507817a74591774fc3d6923ac364e4dfa64e36b291b
invoke==3.0.3 --hash=sha256:f11327165e5cbb89b2ad1d88d3292b5113332c43b8553b494da435d6ec6f5053
paramiko==4.0.0 --hash=sha256:0e20e00ac666503bf0b4eda3b6d833465a2b7aff2e2b3d79a8bba5ef144ee3b9
pycparser==3.0 --hash=sha256:b727414169a36b7d524c1c3e31839a521725078d7b2ff038656844266160a992
pynacl==1.6.2 --hash=sha256:8b097553b380236d51ed11356c953bf8ce36a29a3e596e934ecabe76c985a577
